
Microsoft Visual Studio Solution File, Format Version 12.00
# Visual Studio Version 17
VisualStudioVersion = 17.12.35527.113 d17.12
MinimumVisualStudioVersion = 10.0.40219.1
Project("{FAE04EC0-301F-11D3-BF4B-00C04F79EFBC}") = "MovieStream.WebApi", "MovieStream.WebApi\MovieStream.WebApi.csproj", "{4C2893A8-7E76-4FB2-B3EB-ACF3FD387B4D}"
EndProject
Project("{2150E333-8FDC-42A3-9474-1A3956D46DE8}") = "Source", "Source", "{D54F4131-EFA5-40AA-AEDF-CFAF06B19B50}"
EndProject
Project("{2150E333-8FDC-42A3-9474-1A3956D46DE8}") = "Core", "Core", "{213BBD8F-A569-4E46-95A3-CCFDA06424AD}"
EndProject
Project("{2150E333-8FDC-42A3-9474-1A3956D46DE8}") = "Infrastructure", "Infrastructure", "{1994F1F0-DE11-4929-BB47-1F9718CBD710}"
EndProject
Project("{2150E333-8FDC-42A3-9474-1A3956D46DE8}") = "Presentation", "Presentation", "{E35EEF6D-8E15-4180-87B8-551165BA959C}"
EndProject
Project("{FAE04EC0-301F-11D3-BF4B-00C04F79EFBC}") = "MovieStream.Core.Domain", "MovieStream.Core.Domain\MovieStream.Core.Domain.csproj", "{704B3EBB-72F4-48D1-90C8-0057262938F7}"
EndProject
Project("{FAE04EC0-301F-11D3-BF4B-00C04F79EFBC}") = "MovieStream.Core.Application", "MovieStream.Core.Application\MovieStream.Core.Application.csproj", "{B41E2829-2854-4E02-867E-43F22724B6EC}"
EndProject
Project("{FAE04EC0-301F-11D3-BF4B-00C04F79EFBC}") = "MovieStream.Infrastructure.Persistence", "MovieStream.Infrastructure.Persistence\MovieStream.Infrastructure.Persistence.csproj", "{C969CB69-5DBF-4D67-A8EB-5151898E844F}"
EndProject
Project("{FAE04EC0-301F-11D3-BF4B-00C04F79EFBC}") = "MovieStream.Infrastructure.Shared", "MovieStream.Infrastructure.Shared\MovieStream.Infrastructure.Shared.csproj", "{B3F29485-12FD-41FF-AC20-B30F054BA941}"
EndProject
Project("{FAE04EC0-301F-11D3-BF4B-00C04F79EFBC}") = "MovieStream.Infrastructure.Identity", "MovieStream.Infrastructure.Identity\MovieStream.Infrastructure.Identity.csproj", "{3D016656-AF8B-424B-BC66-3AF29C1B6690}"
EndProject
Project("{2150E333-8FDC-42A3-9474-1A3956D46DE8}") = "WebApi", "WebApi", "{094CFE96-8DDD-49C8-8079-2DEEAC61FFA4}"
EndProject
Global
	GlobalSection(SolutionConfigurationPlatforms) = preSolution
		Debug|Any CPU = Debug|Any CPU
		Release|Any CPU = Release|Any CPU
	EndGlobalSection
	GlobalSection(ProjectConfigurationPlatforms) = postSolution
		{4C2893A8-7E76-4FB2-B3EB-ACF3FD387B4D}.Debug|Any CPU.ActiveCfg = Debug|Any CPU
		{4C2893A8-7E76-4FB2-B3EB-ACF3FD387B4D}.Debug|Any CPU.Build.0 = Debug|Any CPU
		{4C2893A8-7E76-4FB2-B3EB-ACF3FD387B4D}.Release|Any CPU.ActiveCfg = Release|Any CPU
		{4C2893A8-7E76-4FB2-B3EB-ACF3FD387B4D}.Release|Any CPU.Build.0 = Release|Any CPU
		{704B3EBB-72F4-48D1-90C8-0057262938F7}.Debug|Any CPU.ActiveCfg = Debug|Any CPU
		{704B3EBB-72F4-48D1-90C8-0057262938F7}.Debug|Any CPU.Build.0 = Debug|Any CPU
		{704B3EBB-72F4-48D1-90C8-0057262938F7}.Release|Any CPU.ActiveCfg = Release|Any CPU
		{704B3EBB-72F4-48D1-90C8-0057262938F7}.Release|Any CPU.Build.0 = Release|Any CPU
		{B41E2829-2854-4E02-867E-43F22724B6EC}.Debug|Any CPU.ActiveCfg = Debug|Any CPU
		{B41E2829-2854-4E02-867E-43F22724B6EC}.Debug|Any CPU.Build.0 = Debug|Any CPU
		{B41E2829-2854-4E02-867E-43F22724B6EC}.Release|Any CPU.ActiveCfg = Release|Any CPU
		{B41E2829-2854-4E02-867E-43F22724B6EC}.Release|Any CPU.Build.0 = Release|Any CPU
		{C969CB69-5DBF-4D67-A8EB-5151898E844F}.Debug|Any CPU.ActiveCfg = Debug|Any CPU
		{C969CB69-5DBF-4D67-A8EB-5151898E844F}.Debug|Any CPU.Build.0 = Debug|Any CPU
		{C969CB69-5DBF-4D67-A8EB-5151898E844F}.Release|Any CPU.ActiveCfg = Release|Any CPU
		{C969CB69-5DBF-4D67-A8EB-5151898E844F}.Release|Any CPU.Build.0 = Release|Any CPU
		{B3F29485-12FD-41FF-AC20-B30F054BA941}.Debug|Any CPU.ActiveCfg = Debug|Any CPU
		{B3F29485-12FD-41FF-AC20-B30F054BA941}.Debug|Any CPU.Build.0 = Debug|Any CPU
		{B3F29485-12FD-41FF-AC20-B30F054BA941}.Release|Any CPU.ActiveCfg = Release|Any CPU
		{B3F29485-12FD-41FF-AC20-B30F054BA941}.Release|Any CPU.Build.0 = Release|Any CPU
		{3D016656-AF8B-424B-BC66-3AF29C1B6690}.Debug|Any CPU.ActiveCfg = Debug|Any CPU
		{3D016656-AF8B-424B-BC66-3AF29C1B6690}.Debug|Any CPU.Build.0 = Debug|Any CPU
		{3D016656-AF8B-424B-BC66-3AF29C1B6690}.Release|Any CPU.ActiveCfg = Release|Any CPU
		{3D016656-AF8B-424B-BC66-3AF29C1B6690}.Release|Any CPU.Build.0 = Release|Any CPU
	EndGlobalSection
	GlobalSection(SolutionProperties) = preSolution
		HideSolutionNode = FALSE
	EndGlobalSection
	GlobalSection(NestedProjects) = preSolution
		{4C2893A8-7E76-4FB2-B3EB-ACF3FD387B4D} = {094CFE96-8DDD-49C8-8079-2DEEAC61FFA4}
		{213BBD8F-A569-4E46-95A3-CCFDA06424AD} = {D54F4131-EFA5-40AA-AEDF-CFAF06B19B50}
		{1994F1F0-DE11-4929-BB47-1F9718CBD710} = {D54F4131-EFA5-40AA-AEDF-CFAF06B19B50}
		{E35EEF6D-8E15-4180-87B8-551165BA959C} = {D54F4131-EFA5-40AA-AEDF-CFAF06B19B50}
		{704B3EBB-72F4-48D1-90C8-0057262938F7} = {213BBD8F-A569-4E46-95A3-CCFDA06424AD}
		{B41E2829-2854-4E02-867E-43F22724B6EC} = {213BBD8F-A569-4E46-95A3-CCFDA06424AD}
		{C969CB69-5DBF-4D67-A8EB-5151898E844F} = {1994F1F0-DE11-4929-BB47-1F9718CBD710}
		{B3F29485-12FD-41FF-AC20-B30F054BA941} = {1994F1F0-DE11-4929-BB47-1F9718CBD710}
		{3D016656-AF8B-424B-BC66-3AF29C1B6690} = {1994F1F0-DE11-4929-BB47-1F9718CBD710}
		{094CFE96-8DDD-49C8-8079-2DEEAC61FFA4} = {E35EEF6D-8E15-4180-87B8-551165BA959C}
	EndGlobalSection
EndGlobal
